
Microsoft Visual Studio Solution File, Format Version 12.00
# Visual Studio Version 17
VisualStudioVersion = 17.0.31903.59
MinimumVisualStudioVersion = 10.0.40219.1
Project("{FAE04EC0-301F-11D3-BF4B-00C04F79EFBC}") = "Chartarr", "Chartarr\Chartarr.csproj", "{295C0494-05F9-4E65-BFF7-49AD8167DB80}"
EndProject
Project("{FAE04EC0-301F-11D3-BF4B-00C04F79EFBC}") = "Chartarr.Tests", "Chartarr.Tests\Chartarr.Tests.csproj", "{F792A1B7-328C-4883-8C26-69746C5AB287}"
EndProject
Global
	GlobalSection(SolutionConfigurationPlatforms) = preSolution
		Debug|Any CPU = Debug|Any CPU
		Release|Any CPU = Release|Any CPU
	EndGlobalSection
	GlobalSection(SolutionProperties) = preSolution
		HideSolutionNode = FALSE
	EndGlobalSection
	GlobalSection(ProjectConfigurationPlatforms) = postSolution
		{295C0494-05F9-4E65-BFF7-49AD8167DB80}.Debug|Any CPU.ActiveCfg = Debug|Any CPU
		{295C0494-05F9-4E65-BFF7-49AD8167DB80}.Debug|Any CPU.Build.0 = Debug|Any CPU
		{295C0494-05F9-4E65-BFF7-49AD8167DB80}.Release|Any CPU.ActiveCfg = Release|Any CPU
		{295C0494-05F9-4E65-BFF7-49AD8167DB80}.Release|Any CPU.Build.0 = Release|Any CPU
		{F792A1B7-328C-4883-8C26-69746C5AB287}.Debug|Any CPU.ActiveCfg = Debug|Any CPU
		{F792A1B7-328C-4883-8C26-69746C5AB287}.Debug|Any CPU.Build.0 = Debug|Any CPU
		{F792A1B7-328C-4883-8C26-69746C5AB287}.Release|Any CPU.ActiveCfg = Release|Any CPU
		{F792A1B7-328C-4883-8C26-69746C5AB287}.Release|Any CPU.Build.0 = Release|Any CPU
	EndGlobalSection
EndGlobal
